// !$*UTF8*$!
{
	archiveVersion = 1;
	classes = {
	};
	objectVersion = 50;
	objects = {

/* Begin PBXBuildFile section */
		24531C83DB14A5C0C3DD2A36 /* Pods_ParstagramUITests.framework in Frameworks */ = {isa = PBXBuildFile; fileRef = FA3120E86BB8E48A1060B09A /* Pods_ParstagramUITests.framework */; };
		9832EB13222619F900599A05 /* AppDelegate.swift in Sources */ = {isa = PBXBuildFile; fileRef = 9832EB12222619F900599A05 /* AppDelegate.swift */; };
		9832EB18222619F900599A05 /* Main.storyboard in Resources */ = {isa = PBXBuildFile; fileRef = 9832EB16222619F900599A05 /* Main.storyboard */; };
		9832EB1A222619FD00599A05 /* Assets.xcassets in Resources */ = {isa = PBXBuildFile; fileRef = 9832EB19222619FD00599A05 /* Assets.xcassets */; };
		9832EB1D222619FD00599A05 /* LaunchScreen.storyboard in Resources */ = {isa = PBXBuildFile; fileRef = 9832EB1B222619FD00599A05 /* LaunchScreen.storyboard */; };
		9832EB28222619FE00599A05 /* ParstagramTests.swift in Sources */ = {isa = PBXBuildFile; fileRef = 9832EB27222619FE00599A05 /* ParstagramTests.swift */; };
		9832EB33222619FE00599A05 /* ParstagramUITests.swift in Sources */ = {isa = PBXBuildFile; fileRef = 9832EB32222619FE00599A05 /* ParstagramUITests.swift */; };
		9899BB252237F18A00101944 /* CommentCell.swift in Sources */ = {isa = PBXBuildFile; fileRef = 9899BB242237F18A00101944 /* CommentCell.swift */; };
		98D1600E2230884B008F8AAA /* PostCell.swift in Sources */ = {isa = PBXBuildFile; fileRef = 98D1600D2230884B008F8AAA /* PostCell.swift */; };
		98DDE21B222D703900DC5AED /* LoginViewController.swift in Sources */ = {isa = PBXBuildFile; fileRef = 98DDE21A222D703900DC5AED /* LoginViewController.swift */; };
		98DDE21D222D709200DC5AED /* FeedViewController.swift in Sources */ = {isa = PBXBuildFile; fileRef = 98DDE21C222D709200DC5AED /* FeedViewController.swift */; };
		98E95535222F58F60099A23B /* CameraViewController.swift in Sources */ = {isa = PBXBuildFile; fileRef = 98E95534222F58F60099A23B /* CameraViewController.swift */; };
		F6B6984C489CE766D8EB45AC /* Pods_Parstagram.framework in Frameworks */ = {isa = PBXBuildFile; fileRef = 070CEC8B9394414A8661B2A9 /* Pods_Parstagram.framework */; };
		F98D4C2CA2735A5DD0EA7CBF /* Pods_ParstagramTests.framework in Frameworks */ = {isa = PBXBuildFile; fileRef = D5A17343CD3602D6311F68C4 /* Pods_ParstagramTests.framework */; };
/* End PBXBuildFile section */

/* Begin PBXContainerItemProxy section */
		9832EB24222619FE00599A05 /* PBXContainerItemProxy */ = {
			isa = PBXContainerItemProxy;
			containerPortal = 9832EB07222619F900599A05 /* Project object */;
			proxyType = 1;
			remoteGlobalIDString = 9832EB0E222619F900599A05;
			remoteInfo = Parstagram;
		};
		9832EB2F222619FE00599A05 /* PBXContainerItemProxy */ = {
			isa = PBXContainerItemProxy;
			containerPortal = 9832EB07222619F900599A05 /* Project object */;
			proxyType = 1;
			remoteGlobalIDString = 9832EB0E222619F900599A05;
			remoteInfo = Parstagram;
		};
/* End PBXContainerItemProxy section */

/* Begin PBXFileReference section */
		070CEC8B9394414A8661B2A9 /* Pods_Parstagram.framework */ = {isa = PBXFileReference; explicitFileType = wrapper.framework; includeInIndex = 0; path = Pods_Parstagram.framework; sourceTree = BUILT_PRODUCTS_DIR; };
		16B5138BAC504FAB505A295C /* Pods-Parstagram.release.xcconfig */ = {isa = PBXFileReference; includeInIndex = 1; lastKnownFileType = text.xcconfig; name = "Pods-Parstagram.release.xcconfig"; path = "Pods/Target Support Files/Pods-Parstagram/Pods-Parstagram.release.xcconfig"; sourceTree = "<group>"; };
		393EC5C7F1043DC61E6B0A0F /* Pods-ParstagramTests.release.xcconfig */ = {isa = PBXFileReference; includeInIndex = 1; lastKnownFileType = text.xcconfig; name = "Pods-ParstagramTests.release.xcconfig"; path = "Pods/Target Support Files/Pods-ParstagramTests/Pods-ParstagramTests.release.xcconfig"; sourceTree = "<group>"; };
		4D5F3FCCF479533B5DFA47CE /* Pods-Parstagram.debug.xcconfig */ = {isa = PBXFileReference; includeInIndex = 1; lastKnownFileType = text.xcconfig; name = "Pods-Parstagram.debug.xcconfig"; path = "Pods/Target Support Files/Pods-Parstagram/Pods-Parstagram.debug.xcconfig"; sourceTree = "<group>"; };
		91F52199840ABC4133C02D0F /* Pods-ParstagramUITests.release.xcconfig */ = {isa = PBXFileReference; includeInIndex = 1; lastKnownFileType = text.xcconfig; name = "Pods-ParstagramUITests.release.xcconfig"; path = "Pods/Target Support Files/Pods-ParstagramUITests/Pods-ParstagramUITests.release.xcconfig"; sourceTree = "<group>"; };
		9832EB0F222619F900599A05 /* Parstagram.app */ = {isa = PBXFileReference; explicitFileType = wrapper.application; includeInIndex = 0; path = Parstagram.app; sourceTree = BUILT_PRODUCTS_DIR; };
		9832EB12222619F900599A05 /* AppDelegate.swift */ = {isa = PBXFileReference; lastKnownFileType = sourcecode.swift; path = AppDelegate.swift; sourceTree = "<group>"; };
		9832EB17222619F900599A05 /* Base */ = {isa = PBXFileReference; lastKnownFileType = file.storyboard; name = Base; path = Base.lproj/Main.storyboard; sourceTree = "<group>"; };
		9832EB19222619FD00599A05 /* Assets.xcassets */ = {isa = PBXFileReference; lastKnownFileType = folder.assetcatalog; path = Assets.xcassets; sourceTree = "<group>"; };
		9832EB1C222619FD00599A05 /* Base */ = {isa = PBXFileReference; lastKnownFileType = file.storyboard; name = Base; path = Base.lproj/LaunchScreen.storyboard; sourceTree = "<group>"; };
		9832EB1E222619FD00599A05 /* Info.plist */ = {isa = PBXFileReference; lastKnownFileType = text.plist.xml; path = Info.plist; sourceTree = "<group>"; };
		9832EB23222619FE00599A05 /* ParstagramTests.xctest */ = {isa = PBXFileReference; explicitFileType = wrapper.cfbundle; includeInIndex = 0; path = ParstagramTests.xctest; sourceTree = BUILT_PRODUCTS_DIR; };
		9832EB27222619FE00599A05 /* ParstagramTests.swift */ = {isa = PBXFileReference; lastKnownFileType = sourcecode.swift; path = ParstagramTests.swift; sourceTree = "<group>"; };
		9832EB29222619FE00599A05 /* Info.plist */ = {isa = PBXFileReference; lastKnownFileType = text.plist.xml; path = Info.plist; sourceTree = "<group>"; };
		9832EB2E222619FE00599A05 /* ParstagramUITests.xctest */ = {isa = PBXFileReference; explicitFileType = wrapper.cfbundle; includeInIndex = 0; path = ParstagramUITests.xctest; sourceTree = BUILT_PRODUCTS_DIR; };
		9832EB32222619FE00599A05 /* ParstagramUITests.swift */ = {isa = PBXFileReference; lastKnownFileType = sourcecode.swift; path = ParstagramUITests.swift; sourceTree = "<group>"; };
		9832EB34222619FE00599A05 /* Info.plist */ = {isa = PBXFileReference; lastKnownFileType = text.plist.xml; path = Info.plist; sourceTree = "<group>"; };
		9899BB242237F18A00101944 /* CommentCell.swift */ = {isa = PBXFileReference; lastKnownFileType = sourcecode.swift; path = CommentCell.swift; sourceTree = "<group>"; };
		98D1600D2230884B008F8AAA /* PostCell.swift */ = {isa = PBXFileReference; lastKnownFileType = sourcecode.swift; path = PostCell.swift; sourceTree = "<group>"; };
		98DDE21A222D703900DC5AED /* LoginViewController.swift */ = {isa = PBXFileReference; lastKnownFileType = sourcecode.swift; path = LoginViewController.swift; sourceTree = "<group>"; };
		98DDE21C222D709200DC5AED /* FeedViewController.swift */ = {isa = PBXFileReference; lastKnownFileType = sourcecode.swift; path = FeedViewController.swift; sourceTree = "<group>"; };
		98E95534222F58F60099A23B /* CameraViewController.swift */ = {isa = PBXFileReference; lastKnownFileType = sourcecode.swift; path = CameraViewController.swift; sourceTree = "<group>"; };
		CB01A91CFCD611483BA15007 /* Pods-ParstagramTests.debug.xcconfig */ = {isa = PBXFileReference; includeInIndex = 1; lastKnownFileType = text.xcconfig; name = "Pods-ParstagramTests.debug.xcconfig"; path = "Pods/Target Support Files/Pods-ParstagramTests/Pods-ParstagramTests.debug.xcconfig"; sourceTree = "<group>"; };
		D5A17343CD3602D6311F68C4 /* Pods_ParstagramTests.framework */ = {isa = PBXFileReference; explicitFileType = wrapper.framework; includeInIndex = 0; path = Pods_ParstagramTests.framework; sourceTree = BUILT_PRODUCTS_DIR; };
		EE60F4A991A807944C28A90E /* Pods-ParstagramUITests.debug.xcconfig */ = {isa = PBXFileReference; includeInIndex = 1; lastKnownFileType = text.xcconfig; name = "Pods-ParstagramUITests.debug.xcconfig"; path = "Pods/Target Support Files/Pods-ParstagramUITests/Pods-ParstagramUITests.debug.xcconfig"; sourceTree = "<group>"; };
		FA3120E86BB8E48A1060B09A /* Pods_ParstagramUITests.framework */ = {isa = PBXFileReference; explicitFileType = wrapper.framework; includeInIndex = 0; path = Pods_ParstagramUITests.framework; sourceTree = BUILT_PRODUCTS_DIR; };
/* End PBXFileReference section */

/* Begin PBXFrameworksBuildPhase section */
		9832EB0C222619F900599A05 /* Frameworks */ = {
			isa = PBXFrameworksBuildPhase;
			buildActionMask = 2147483647;
			files = (
				F6B6984C489CE766D8EB45AC /* Pods_Parstagram.framework in Frameworks */,
			);
			runOnlyForDeploymentPostprocessing = 0;
		};
		9832EB20222619FE00599A05 /* Frameworks */ = {
			isa = PBXFrameworksBuildPhase;
			buildActionMask = 2147483647;
			files = (
				F98D4C2CA2735A5DD0EA7CBF /* Pods_ParstagramTests.framework in Frameworks */,
			);
			runOnlyForDeploymentPostprocessing = 0;
		};
		9832EB2B222619FE00599A05 /* Frameworks */ = {
			isa = PBXFrameworksBuildPhase;
			buildActionMask = 2147483647;
			files = (
				24531C83DB14A5C0C3DD2A36 /* Pods_ParstagramUITests.framework in Frameworks */,
			);
			runOnlyForDeploymentPostprocessing = 0;
		};
/* End PBXFrameworksBuildPhase section */

/* Begin PBXGroup section */
		7E2793482C47F03E9A6AC9AC /* Frameworks */ = {
			isa = PBXGroup;
			children = (
				070CEC8B9394414A8661B2A9 /* Pods_Parstagram.framework */,
				D5A17343CD3602D6311F68C4 /* Pods_ParstagramTests.framework */,
				FA3120E86BB8E48A1060B09A /* Pods_ParstagramUITests.framework */,
			);
			name = Frameworks;
			sourceTree = "<group>";
		};
		9832EB06222619F900599A05 = {
			isa = PBXGroup;
			children = (
				9832EB11222619F900599A05 /* Parstagram */,
				9832EB26222619FE00599A05 /* ParstagramTests */,
				9832EB31222619FE00599A05 /* ParstagramUITests */,
				9832EB10222619F900599A05 /* Products */,
				DC2C204C4132FA50AAD5645B /* Pods */,
				7E2793482C47F03E9A6AC9AC /* Frameworks */,
			);
			sourceTree = "<group>";
		};
		9832EB10222619F900599A05 /* Products */ = {
			isa = PBXGroup;
			children = (
				9832EB0F222619F900599A05 /* Parstagram.app */,
				9832EB23222619FE00599A05 /* ParstagramTests.xctest */,
				9832EB2E222619FE00599A05 /* ParstagramUITests.xctest */,
			);
			name = Products;
			sourceTree = "<group>";
		};
		9832EB11222619F900599A05 /* Parstagram */ = {
			isa = PBXGroup;
			children = (
				9832EB12222619F900599A05 /* AppDelegate.swift */,
				9832EB16222619F900599A05 /* Main.storyboard */,
				9832EB19222619FD00599A05 /* Assets.xcassets */,
				9832EB1B222619FD00599A05 /* LaunchScreen.storyboard */,
				9832EB1E222619FD00599A05 /* Info.plist */,
				98DDE21A222D703900DC5AED /* LoginViewController.swift */,
				98DDE21C222D709200DC5AED /* FeedViewController.swift */,
				98E95534222F58F60099A23B /* CameraViewController.swift */,
				98D1600D2230884B008F8AAA /* PostCell.swift */,
				9899BB242237F18A00101944 /* CommentCell.swift */,
			);
			path = Parstagram;
			sourceTree = "<group>";
		};
		9832EB26222619FE00599A05 /* ParstagramTests */ = {
			isa = PBXGroup;
			children = (
				9832EB27222619FE00599A05 /* ParstagramTests.swift */,
				9832EB29222619FE00599A05 /* Info.plist */,
			);
			path = ParstagramTests;
			sourceTree = "<group>";
		};
		9832EB31222619FE00599A05 /* ParstagramUITests */ = {
			isa = PBXGroup;
			children = (
				9832EB32222619FE00599A05 /* ParstagramUITests.swift */,
				9832EB34222619FE00599A05 /* Info.plist */,
			);
			path = ParstagramUITests;
			sourceTree = "<group>";
		};
		DC2C204C4132FA50AAD5645B /* Pods */ = {
			isa = PBXGroup;
			children = (
				4D5F3FCCF479533B5DFA47CE /* Pods-Parstagram.debug.xcconfig */,
				16B5138BAC504FAB505A295C /* Pods-Parstagram.release.xcconfig */,
				CB01A91CFCD611483BA15007 /* Pods-ParstagramTests.debug.xcconfig */,
				393EC5C7F1043DC61E6B0A0F /* Pods-ParstagramTests.release.xcconfig */,
				EE60F4A991A807944C28A90E /* Pods-ParstagramUITests.debug.xcconfig */,
				91F52199840ABC4133C02D0F /* Pods-ParstagramUITests.release.xcconfig */,
			);
			name = Pods;
			sourceTree = "<group>";
		};
/* End PBXGroup section */

/* Begin PBXNativeTarget section */
		9832EB0E222619F900599A05 /* Parstagram */ = {
			isa = PBXNativeTarget;
			buildConfigurationList = 9832EB37222619FE00599A05 /* Build configuration list for PBXNativeTarget "Parstagram" */;
			buildPhases = (
				DCAD331B8C0E78BBA5C338B1 /* [CP] Check Pods Manifest.lock */,
				9832EB0B222619F900599A05 /* Sources */,
				9832EB0C222619F900599A05 /* Frameworks */,
				9832EB0D222619F900599A05 /* Resources */,
				C495780E8692FC48D46BEAF0 /* [CP] Embed Pods Frameworks */,
			);
			buildRules = (
			);
			dependencies = (
			);
			name = Parstagram;
			productName = Parstagram;
			productReference = 9832EB0F222619F900599A05 /* Parstagram.app */;
			productType = "com.apple.product-type.application";
		};
		9832EB22222619FE00599A05 /* ParstagramTests */ = {
			isa = PBXNativeTarget;
			buildConfigurationList = 9832EB3A222619FE00599A05 /* Build configuration list for PBXNativeTarget "ParstagramTests" */;
			buildPhases = (
				EE84AF09DDD5CD1953645815 /* [CP] Check Pods Manifest.lock */,
				9832EB1F222619FE00599A05 /* Sources */,
				9832EB20222619FE00599A05 /* Frameworks */,
				9832EB21222619FE00599A05 /* Resources */,
			);
			buildRules = (
			);
			dependencies = (
				9832EB25222619FE00599A05 /* PBXTargetDependency */,
			);
			name = ParstagramTests;
			productName = ParstagramTests;
			productReference = 9832EB23222619FE00599A05 /* ParstagramTests.xctest */;
			productType = "com.apple.product-type.bundle.unit-test";
		};
		9832EB2D222619FE00599A05 /* ParstagramUITests */ = {
			isa = PBXNativeTarget;
			buildConfigurationList = 9832EB3D222619FE00599A05 /* Build configuration list for PBXNativeTarget "ParstagramUITests" */;
			buildPhases = (
				6BD28481401CD048D0AC3BDD /* [CP] Check Pods Manifest.lock */,
				9832EB2A222619FE00599A05 /* Sources */,
				9832EB2B222619FE00599A05 /* Frameworks */,
				9832EB2C222619FE00599A05 /* Resources */,
			);
			buildRules = (
			);
			dependencies = (
				9832EB30222619FE00599A05 /* PBXTargetDependency */,
			);
			name = ParstagramUITests;
			productName = ParstagramUITests;
			productReference = 9832EB2E222619FE00599A05 /* ParstagramUITests.xctest */;
			productType = "com.apple.product-type.bundle.ui-testing";
		};
/* End PBXNativeTarget section */

/* Begin PBXProject section */
		9832EB07222619F900599A05 /* Project object */ = {
			isa = PBXProject;
			attributes = {
				LastSwiftUpdateCheck = 1010;
				LastUpgradeCheck = 1010;
				ORGANIZATIONNAME = "Jay'son Alburg";
				TargetAttributes = {
					9832EB0E222619F900599A05 = {
						CreatedOnToolsVersion = 10.1;
					};
					9832EB22222619FE00599A05 = {
						CreatedOnToolsVersion = 10.1;
						TestTargetID = 9832EB0E222619F900599A05;
					};
					9832EB2D222619FE00599A05 = {
						CreatedOnToolsVersion = 10.1;
						TestTargetID = 9832EB0E222619F900599A05;
					};
				};
			};
			buildConfigurationList = 9832EB0A222619F900599A05 /* Build configuration list for PBXProject "Parstagram" */;
			compatibilityVersion = "Xcode 9.3";
			developmentRegion = en;
			hasScannedForEncodings = 0;
			knownRegions = (
				en,
				Base,
			);
			mainGroup = 9832EB06222619F900599A05;
			productRefGroup = 9832EB10222619F900599A05 /* Products */;
			projectDirPath = "";
			projectRoot = "";
			targets = (
				9832EB0E222619F900599A05 /* Parstagram */,
				9832EB22222619FE00599A05 /* ParstagramTests */,
				9832EB2D222619FE00599A05 /* ParstagramUITests */,
			);
		};
/* End PBXProject section */

/* Begin PBXResourcesBuildPhase section */
		9832EB0D222619F900599A05 /* Resources */ = {
			isa = PBXResourcesBuildPhase;
			buildActionMask = 2147483647;
			files = (
				9832EB1D222619FD00599A05 /* LaunchScreen.storyboard in Resources */,
				9832EB1A222619FD00599A05 /* Assets.xcassets in Resources */,
				9832EB18222619F900599A05 /* Main.storyboard in Resources */,
			);
			runOnlyForDeploymentPostprocessing = 0;
		};
		9832EB21222619FE00599A05 /* Resources */ = {
			isa = PBXResourcesBuildPhase;
			buildActionMask = 2147483647;
			files = (
			);
			runOnlyForDeploymentPostprocessing = 0;
		};
		9832EB2C222619FE00599A05 /* Resources */ = {
			isa = PBXResourcesBuildPhase;
			buildActionMask = 2147483647;
			files = (
			);
			runOnlyForDeploymentPostprocessing = 0;
		};
/* End PBXResourcesBuildPhase section */

/* Begin PBXShellScriptBuildPhase section */
		6BD28481401CD048D0AC3BDD /* [CP] Check Pods Manifest.lock */ = {
			isa = PBXShellScriptBuildPhase;
			buildActionMask = 2147483647;
			files = (
			);
			inputFileListPaths = (
			);
			inputPaths = (
				"${PODS_PODFILE_DIR_PATH}/Podfile.lock",
				"${PODS_ROOT}/Manifest.lock",
			);
			name = "[CP] Check Pods Manifest.lock";
			outputFileListPaths = (
			);
			outputPaths = (
				"$(DERIVED_FILE_DIR)/Pods-ParstagramUITests-checkManifestLockResult.txt",
			);
			runOnlyForDeploymentPostprocessing = 0;
			shellPath = /bin/sh;
			shellScript = "diff \"${PODS_PODFILE_DIR_PATH}/Podfile.lock\" \"${PODS_ROOT}/Manifest.lock\" > /dev/null\nif [ $? != 0 ] ; then\n    # print error to STDERR\n    echo \"error: The sandbox is not in sync with the Podfile.lock. Run 'pod install' or update your CocoaPods installation.\" >&2\n    exit 1\nfi\n# This output is used by Xcode 'outputs' to avoid re-running this script phase.\necho \"SUCCESS\" > \"${SCRIPT_OUTPUT_FILE_0}\"\n";
			showEnvVarsInLog = 0;
		};
		C495780E8692FC48D46BEAF0 /* [CP] Embed Pods Frameworks */ = {
			isa = PBXShellScriptBuildPhase;
			buildActionMask = 2147483647;
			files = (
			);
			inputFileListPaths = (
			);
			inputPaths = (
				"${SRCROOT}/Pods/Target Support Files/Pods-Parstagram/Pods-Parstagram-frameworks.sh",
				"${BUILT_PRODUCTS_DIR}/Alamofire/Alamofire.framework",
				"${BUILT_PRODUCTS_DIR}/AlamofireImage/AlamofireImage.framework",
				"${BUILT_PRODUCTS_DIR}/Bolts/Bolts.framework",
				"${BUILT_PRODUCTS_DIR}/MessageInputBar/MessageInputBar.framework",
				"${BUILT_PRODUCTS_DIR}/Parse/Parse.framework",
			);
			name = "[CP] Embed Pods Frameworks";
			outputFileListPaths = (
			);
			outputPaths = (
				"${TARGET_BUILD_DIR}/${FRAMEWORKS_FOLDER_PATH}/Alamofire.framework",
				"${TARGET_BUILD_DIR}/${FRAMEWORKS_FOLDER_PATH}/AlamofireImage.framework",
				"${TARGET_BUILD_DIR}/${FRAMEWORKS_FOLDER_PATH}/Bolts.framework",
				"${TARGET_BUILD_DIR}/${FRAMEWORKS_FOLDER_PATH}/MessageInputBar.framework",
				"${TARGET_BUILD_DIR}/${FRAMEWORKS_FOLDER_PATH}/Parse.framework",
			);
			runOnlyForDeploymentPostprocessing = 0;
			shellPath = /bin/sh;
			shellScript = "\"${SRCROOT}/Pods/Target Support Files/Pods-Parstagram/Pods-Parstagram-frameworks.sh\"\n";
			showEnvVarsInLog = 0;
		};
		DCAD331B8C0E78BBA5C338B1 /* [CP] Check Pods Manifest.lock */ = {
			isa = PBXShellScriptBuildPhase;
			buildActionMask = 2147483647;
			files = (
			);
			inputFileListPaths = (
			);
			inputPaths = (
				"${PODS_PODFILE_DIR_PATH}/Podfile.lock",
				"${PODS_ROOT}/Manifest.lock",
			);
			name = "[CP] Check Pods Manifest.lock";
			outputFileListPaths = (
			);
			outputPaths = (
				"$(DERIVED_FILE_DIR)/Pods-Parstagram-checkManifestLockResult.txt",
			);
			runOnlyForDeploymentPostprocessing = 0;
			shellPath = /bin/sh;
			shellScript = "diff \"${PODS_PODFILE_DIR_PATH}/Podfile.lock\" \"${PODS_ROOT}/Manifest.lock\" > /dev/null\nif [ $? != 0 ] ; then\n    # print error to STDERR\n    echo \"error: The sandbox is not in sync with the Podfile.lock. Run 'pod install' or update your CocoaPods installation.\" >&2\n    exit 1\nfi\n# This output is used by Xcode 'outputs' to avoid re-running this script phase.\necho \"SUCCESS\" > \"${SCRIPT_OUTPUT_FILE_0}\"\n";
			showEnvVarsInLog = 0;
		};
		EE84AF09DDD5CD1953645815 /* [CP] Check Pods Manifest.lock */ = {
			isa = PBXShellScriptBuildPhase;
			buildActionMask = 2147483647;
			files = (
			);
			inputFileListPaths = (
			);
			inputPaths = (
				"${PODS_PODFILE_DIR_PATH}/Podfile.lock",
				"${PODS_ROOT}/Manifest.lock",
			);
			name = "[CP] Check Pods Manifest.lock";
			outputFileListPaths = (
			);
			outputPaths = (
				"$(DERIVED_FILE_DIR)/Pods-ParstagramTests-checkManifestLockResult.txt",
			);
			runOnlyForDeploymentPostprocessing = 0;
			shellPath = /bin/sh;
			shellScript = "diff \"${PODS_PODFILE_DIR_PATH}/Podfile.lock\" \"${PODS_ROOT}/Manifest.lock\" > /dev/null\nif [ $? != 0 ] ; then\n    # print error to STDERR\n    echo \"error: The sandbox is not in sync with the Podfile.lock. Run 'pod install' or update your CocoaPods installation.\" >&2\n    exit 1\nfi\n# This output is used by Xcode 'outputs' to avoid re-running this script phase.\necho \"SUCCESS\" > \"${SCRIPT_OUTPUT_FILE_0}\"\n";
			showEnvVarsInLog = 0;
		};
/* End PBXShellScriptBuildPhase section */

/* Begin PBXSourcesBuildPhase section */
		9832EB0B222619F900599A05 /* Sources */ = {
			isa = PBXSourcesBuildPhase;
			buildActionMask = 2147483647;
			files = (
				98DDE21B222D703900DC5AED /* LoginViewController.swift in Sources */,
				98E95535222F58F60099A23B /* CameraViewController.swift in Sources */,
				98DDE21D222D709200DC5AED /* FeedViewController.swift in Sources */,
				9832EB13222619F900599A05 /* AppDelegate.swift in Sources */,
				98D1600E2230884B008F8AAA /* PostCell.swift in Sources */,
				9899BB252237F18A00101944 /* CommentCell.swift in Sources */,
			);
			runOnlyForDeploymentPostprocessing = 0;
		};
		9832EB1F222619FE00599A05 /* Sources */ = {
			isa = PBXSourcesBuildPhase;
			buildActionMask = 2147483647;
			files = (
				9832EB28222619FE00599A05 /* ParstagramTests.swift in Sources */,
			);
			runOnlyForDeploymentPostprocessing = 0;
		};
		9832EB2A222619FE00599A05 /* Sources */ = {
			isa = PBXSourcesBuildPhase;
			buildActionMask = 2147483647;
			files = (
				9832EB33222619FE00599A05 /* ParstagramUITests.swift in Sources */,
			);
			runOnlyForDeploymentPostprocessing = 0;
		};
/* End PBXSourcesBuildPhase section */

/* Begin PBXTargetDependency section */
		9832EB25222619FE00599A05 /* PBXTargetDependency */ = {
			isa = PBXTargetDependency;
			target = 9832EB0E222619F900599A05 /* Parstagram */;
			targetProxy = 9832EB24222619FE00599A05 /* PBXContainerItemProxy */;
		};
		9832EB30222619FE00599A05 /* PBXTargetDependency */ = {
			isa = PBXTargetDependency;
			target = 9832EB0E222619F900599A05 /* Parstagram */;
			targetProxy = 9832EB2F222619FE00599A05 /* PBXContainerItemProxy */;
		};
/* End PBXTargetDependency section */

/* Begin PBXVariantGroup section */
		9832EB16222619F900599A05 /* Main.storyboard */ = {
			isa = PBXVariantGroup;
			children = (
				9832EB17222619F900599A05 /* Base */,
			);
			name = Main.storyboard;
			sourceTree = "<group>";
		};
		9832EB1B222619FD00599A05 /* LaunchScreen.storyboard */ = {
			isa = PBXVariantGroup;
			children = (
				9832EB1C222619FD00599A05 /* Base */,
			);
			name = LaunchScreen.storyboard;
			sourceTree = "<group>";
		};
/* End PBXVariantGroup section */

/* Begin XCBuildConfiguration section */
		9832EB35222619FE00599A05 /* Debug */ = {
			isa = XCBuildConfiguration;
			buildSettings = {
				ALWAYS_SEARCH_USER_PATHS = NO;
				CLANG_ANALYZER_NONNULL = YES;
				CLANG_ANALYZER_NUMBER_OBJECT_CONVERSION = YES_AGGRESSIVE;
				CLANG_CXX_LANGUAGE_STANDARD = "gnu++14";
				CLANG_CXX_LIBRARY = "libc++";
				CLANG_ENABLE_MODULES = YES;
				CLANG_ENABLE_OBJC_ARC = YES;
				CLANG_ENABLE_OBJC_WEAK = YES;
				CLANG_WARN_BLOCK_CAPTURE_AUTORELEASING = YES;
				CLANG_WARN_BOOL_CONVERSION = YES;
				CLANG_WARN_COMMA = YES;
				CLANG_WARN_CONSTANT_CONVERSION = YES;
				CLANG_WARN_DEPRECATED_OBJC_IMPLEMENTATIONS = YES;
				CLANG_WARN_DIRECT_OBJC_ISA_USAGE = YES_ERROR;
				CLANG_WARN_DOCUMENTATION_COMMENTS = YES;
				CLANG_WARN_EMPTY_BODY = YES;
				CLANG_WARN_ENUM_CONVERSION = YES;
				CLANG_WARN_INFINITE_RECURSION = YES;
				CLANG_WARN_INT_CONVERSION = YES;
				CLANG_WARN_NON_LITERAL_NULL_CONVERSION = YES;
				CLANG_WARN_OBJC_IMPLICIT_RETAIN_SELF = YES;
				CLANG_WARN_OBJC_LITERAL_CONVERSION = YES;
				CLANG_WARN_OBJC_ROOT_CLASS = YES_ERROR;
				CLANG_WARN_RANGE_LOOP_ANALYSIS = YES;
				CLANG_WARN_STRICT_PROTOTYPES = YES;
				CLANG_WARN_SUSPICIOUS_MOVE = YES;
				CLANG_WARN_UNGUARDED_AVAILABILITY = YES_AGGRESSIVE;
				CLANG_WARN_UNREACHABLE_CODE = YES;
				CLANG_WARN__DUPLICATE_METHOD_MATCH = YES;
				CODE_SIGN_IDENTITY = "iPhone Developer";
				COPY_PHASE_STRIP = NO;
				DEBUG_INFORMATION_FORMAT = dwarf;
				ENABLE_STRICT_OBJC_MSGSEND = YES;
				ENABLE_TESTABILITY = YES;
				GCC_C_LANGUAGE_STANDARD = gnu11;
				GCC_DYNAMIC_NO_PIC = NO;
				GCC_NO_COMMON_BLOCKS = YES;
				GCC_OPTIMIZATION_LEVEL = 0;
				GCC_PREPROCESSOR_DEFINITIONS = (
					"DEBUG=1",
					"$(inherited)",
				);
				GCC_WARN_64_TO_32_BIT_CONVERSION = YES;
				GCC_WARN_ABOUT_RETURN_TYPE = YES_ERROR;
				GCC_WARN_UNDECLARED_SELECTOR = YES;
				GCC_WARN_UNINITIALIZED_AUTOS = YES_AGGRESSIVE;
				GCC_WARN_UNUSED_FUNCTION = YES;
				GCC_WARN_UNUSED_VARIABLE = YES;
				IPHONEOS_DEPLOYMENT_TARGET = 12.1;
				MTL_ENABLE_DEBUG_INFO = INCLUDE_SOURCE;
				MTL_FAST_MATH = YES;
				ONLY_ACTIVE_ARCH = YES;
				SDKROOT = iphoneos;
				SWIFT_ACTIVE_COMPILATION_CONDITIONS = DEBUG;
				SWIFT_OPTIMIZATION_LEVEL = "-Onone";
			};
			name = Debug;
		};
		9832EB36222619FE00599A05 /* Release */ = {
			isa = XCBuildConfiguration;
			buildSettings = {
				ALWAYS_SEARCH_USER_PATHS = NO;
				CLANG_ANALYZER_NONNULL = YES;
				CLANG_ANALYZER_NUMBER_OBJECT_CONVERSION = YES_AGGRESSIVE;
				CLANG_CXX_LANGUAGE_STANDARD = "gnu++14";
				CLANG_CXX_LIBRARY = "libc++";
				CLANG_ENABLE_MODULES = YES;
				CLANG_ENABLE_OBJC_ARC = YES;
				CLANG_ENABLE_OBJC_WEAK = YES;
				CLANG_WARN_BLOCK_CAPTURE_AUTORELEASING = YES;
				CLANG_WARN_BOOL_CONVERSION = YES;
				CLANG_WARN_COMMA = YES;
				CLANG_WARN_CONSTANT_CONVERSION = YES;
				CLANG_WARN_DEPRECATED_OBJC_IMPLEMENTATIONS = YES;
				CLANG_WARN_DIRECT_OBJC_ISA_USAGE = YES_ERROR;
				CLANG_WARN_DOCUMENTATION_COMMENTS = YES;
				CLANG_WARN_EMPTY_BODY = YES;
				CLANG_WARN_ENUM_CONVERSION = YES;
				CLANG_WARN_INFINITE_RECURSION = YES;
				CLANG_WARN_INT_CONVERSION = YES;
				CLANG_WARN_NON_LITERAL_NULL_CONVERSION = YES;
				CLANG_WARN_OBJC_IMPLICIT_RETAIN_SELF = YES;
				CLANG_WARN_OBJC_LITERAL_CONVERSION = YES;
				CLANG_WARN_OBJC_ROOT_CLASS = YES_ERROR;
				CLANG_WARN_RANGE_LOOP_ANALYSIS = YES;
				CLANG_WARN_STRICT_PROTOTYPES = YES;
				CLANG_WARN_SUSPICIOUS_MOVE = YES;
				CLANG_WARN_UNGUARDED_AVAILABILITY = YES_AGGRESSIVE;
				CLANG_WARN_UNREACHABLE_CODE = YES;
				CLANG_WARN__DUPLICATE_METHOD_MATCH = YES;
				CODE_SIGN_IDENTITY = "iPhone Developer";
				COPY_PHASE_STRIP = NO;
				DEBUG_INFORMATION_FORMAT = "dwarf-with-dsym";
				ENABLE_NS_ASSERTIONS = NO;
				ENABLE_STRICT_OBJC_MSGSEND = YES;
				GCC_C_LANGUAGE_STANDARD = gnu11;
				GCC_NO_COMMON_BLOCKS = YES;
				GCC_WARN_64_TO_32_BIT_CONVERSION = YES;
				GCC_WARN_ABOUT_RETURN_TYPE = YES_ERROR;
				GCC_WARN_UNDECLARED_SELECTOR = YES;
				GCC_WARN_UNINITIALIZED_AUTOS = YES_AGGRESSIVE;
				GCC_WARN_UNUSED_FUNCTION = YES;
				GCC_WARN_UNUSED_VARIABLE = YES;
				IPHONEOS_DEPLOYMENT_TARGET = 12.1;
				MTL_ENABLE_DEBUG_INFO = NO;
				MTL_FAST_MATH = YES;
				SDKROOT = iphoneos;
				SWIFT_COMPILATION_MODE = wholemodule;
				SWIFT_OPTIMIZATION_LEVEL = "-O";
				VALIDATE_PRODUCT = YES;
			};
			name = Release;
		};
		9832EB38222619FE00599A05 /* Debug */ = {
			isa = XCBuildConfiguration;
			baseConfigurationReference = 4D5F3FCCF479533B5DFA47CE /* Pods-Parstagram.debug.xcconfig */;
			buildSettings = {
				ASSETCATALOG_COMPILER_APPICON_NAME = AppIcon;
				CODE_SIGN_STYLE = Automatic;
				INFOPLIST_FILE = Parstagram/Info.plist;
				LD_RUNPATH_SEARCH_PATHS = (
					"$(inherited)",
					"@executable_path/Frameworks",
				);
				PRODUCT_BUNDLE_IDENTIFIER = MidProgram.Parstagram;
				PRODUCT_NAME = "$(TARGET_NAME)";
				SWIFT_VERSION = 4.2;
				TARGETED_DEVICE_FAMILY = "1,2";
			};
			name = Debug;
		};
		9832EB39222619FE00599A05 /* Release */ = {
			isa = XCBuildConfiguration;
			baseConfigurationReference = 16B5138BAC504FAB505A295C /* Pods-Parstagram.release.xcconfig */;
			buildSettings = {
				ASSETCATALOG_COMPILER_APPICON_NAME = AppIcon;
				CODE_SIGN_STYLE = Automatic;
				INFOPLIST_FILE = Parstagram/Info.plist;
				LD_RUNPATH_SEARCH_PATHS = (
					"$(inherited)",
					"@executable_path/Frameworks",
				);
				PRODUCT_BUNDLE_IDENTIFIER = MidProgram.Parstagram;
				PRODUCT_NAME = "$(TARGET_NAME)";
				SWIFT_VERSION = 4.2;
				TARGETED_DEVICE_FAMILY = "1,2";
			};
			name = Release;
		};
		9832EB3B222619FE00599A05 /* Debug */ = {
			isa = XCBuildConfiguration;
			baseConfigurationReference = CB01A91CFCD611483BA15007 /* Pods-ParstagramTests.debug.xcconfig */;
			buildSettings = {
				ALWAYS_EMBED_SWIFT_STANDARD_LIBRARIES = YES;
				BUNDLE_LOADER = "$(TEST_HOST)";
				CODE_SIGN_STYLE = Automatic;
				INFOPLIST_FILE = ParstagramTests/Info.plist;
				LD_RUNPATH_SEARCH_PATHS = (
					"$(inherited)",
					"@executable_path/Frameworks",
					"@loader_path/Frameworks",
				);
				PRODUCT_BUNDLE_IDENTIFIER = MidProgram.ParstagramTests;
				PRODUCT_NAME = "$(TARGET_NAME)";
				SWIFT_VERSION = 4.2;
				TARGETED_DEVICE_FAMILY = "1,2";
				TEST_HOST = "$(BUILT_PRODUCTS_DIR)/Parstagram.app/Parstagram";
			};
			name = Debug;
		};
		9832EB3C222619FE00599A05 /* Release */ = {
			isa = XCBuildConfiguration;
			baseConfigurationReference = 393EC5C7F1043DC61E6B0A0F /* Pods-ParstagramTests.release.xcconfig */;
			buildSettings = {
				ALWAYS_EMBED_SWIFT_STANDARD_LIBRARIES = YES;
				BUNDLE_LOADER = "$(TEST_HOST)";
				CODE_SIGN_STYLE = Automatic;
				INFOPLIST_FILE = ParstagramTests/Info.plist;
				LD_RUNPATH_SEARCH_PATHS = (
					"$(inherited)",
					"@executable_path/Frameworks",
					"@loader_path/Frameworks",
				);
				PRODUCT_BUNDLE_IDENTIFIER = MidProgram.ParstagramTests;
				PRODUCT_NAME = "$(TARGET_NAME)";
				SWIFT_VERSION = 4.2;
				TARGETED_DEVICE_FAMILY = "1,2";
				TEST_HOST = "$(BUILT_PRODUCTS_DIR)/Parstagram.app/Parstagram";
			};
			name = Release;
		};
		9832EB3E222619FE00599A05 /* Debug */ = {
			isa = XCBuildConfiguration;
			baseConfigurationReference = EE60F4A991A807944C28A90E /* Pods-ParstagramUITests.debug.xcconfig */;
			buildSettings = {
				ALWAYS_EMBED_SWIFT_STANDARD_LIBRARIES = YES;
				CODE_SIGN_STYLE = Automatic;
				INFOPLIST_FILE = ParstagramUITests/Info.plist;
				LD_RUNPATH_SEARCH_PATHS = (
					"$(inherited)",
					"@executable_path/Frameworks",
					"@loader_path/Frameworks",
				);
				PRODUCT_BUNDLE_IDENTIFIER = MidProgram.ParstagramUITests;
				PRODUCT_NAME = "$(TARGET_NAME)";
				SWIFT_VERSION = 4.2;
				TARGETED_DEVICE_FAMILY = "1,2";
				TEST_TARGET_NAME = Parstagram;
			};
			name = Debug;
		};
		9832EB3F222619FE00599A05 /* Release */ = {
			isa = XCBuildConfiguration;
			baseConfigurationReference = 91F52199840ABC4133C02D0F /* Pods-ParstagramUITests.release.xcconfig */;
			buildSettings = {
				ALWAYS_EMBED_SWIFT_STANDARD_LIBRARIES = YES;
				CODE_SIGN_STYLE = Automatic;
				INFOPLIST_FILE = ParstagramUITests/Info.plist;
				LD_RUNPATH_SEARCH_PATHS = (
					"$(inherited)",
					"@executable_path/Frameworks",
					"@loader_path/Frameworks",
				);
				PRODUCT_BUNDLE_IDENTIFIER = MidProgram.ParstagramUITests;
				PRODUCT_NAME = "$(TARGET_NAME)";
				SWIFT_VERSION = 4.2;
				TARGETED_DEVICE_FAMILY = "1,2";
				TEST_TARGET_NAME = Parstagram;
			};
			name = Release;
		};
/* End XCBuildConfiguration section */

/* Begin XCConfigurationList section */
		9832EB0A222619F900599A05 /* Build configuration list for PBXProject "Parstagram" */ = {
			isa = XCConfigurationList;
			buildConfigurations = (
				9832EB35222619FE00599A05 /* Debug */,
				9832EB36222619FE00599A05 /* Release */,
			);
			defaultConfigurationIsVisible = 0;
			defaultConfigurationName = Release;
		};
		9832EB37222619FE00599A05 /* Build configuration list for PBXNativeTarget "Parstagram" */ = {
			isa = XCConfigurationList;
			buildConfigurations = (
				9832EB38222619FE00599A05 /* Debug */,
				9832EB39222619FE00599A05 /* Release */,
			);
			defaultConfigurationIsVisible = 0;
			defaultConfigurationName = Release;
		};
		9832EB3A222619FE00599A05 /* Build configuration list for PBXNativeTarget "ParstagramTests" */ = {
			isa = XCConfigurationList;
			buildConfigurations = (
				9832EB3B222619FE00599A05 /* Debug */,
				9832EB3C222619FE00599A05 /* Release */,
			);
			defaultConfigurationIsVisible = 0;
			defaultConfigurationName = Release;
		};
		9832EB3D222619FE00599A05 /* Build configuration list for PBXNativeTarget "ParstagramUITests" */ = {
			isa = XCConfigurationList;
			buildConfigurations = (
				9832EB3E222619FE00599A05 /* Debug */,
				9832EB3F222619FE00599A05 /* Release */,
			);
			defaultConfigurationIsVisible = 0;
			defaultConfigurationName = Release;
		};
/* End XCConfigurationList section */
	};
	rootObject = 9832EB07222619F900599A05 /* Project object */;
}
